
Microsoft Visual Studio Solution File, Format Version 12.00
# Visual Studio Version 17
VisualStudioVersion = 17.4.33103.184
MinimumVisualStudioVersion = 10.0.40219.1
Project("{FAE04EC0-301F-11D3-BF4B-00C04F79EFBC}") = "StudyHub", "StudyHub\StudyHub.csproj", "{58D7349A-72F3-435E-BD92-85D16E6879E2}"
EndProject
Global
	GlobalSection(SolutionConfigurationPlatforms) = preSolution
		Debug|Any CPU = Debug|Any CPU
		Release|Any CPU = Release|Any CPU
	EndGlobalSection
	GlobalSection(ProjectConfigurationPlatforms) = postSolution
		{58D7349A-72F3-435E-BD92-85D16E6879E2}.Debug|Any CPU.ActiveCfg = Debug|Any CPU
		{58D7349A-72F3-435E-BD92-85D16E6879E2}.Debug|Any CPU.Build.0 = Debug|Any CPU
		{58D7349A-72F3-435E-BD92-85D16E6879E2}.Release|Any CPU.ActiveCfg = Release|Any CPU
		{58D7349A-72F3-435E-BD92-85D16E6879E2}.Release|Any CPU.Build.0 = Release|Any CPU
	EndGlobalSection
	GlobalSection(SolutionProperties) = preSolution
		HideSolutionNode = FALSE
	EndGlobalSection
	GlobalSection(ExtensibilityGlobals) = postSolution
		SolutionGuid = {479F3B8E-B849-4031-A06C-8A6C058D8BB2}
	EndGlobalSection
EndGlobal
